{
  "name": "newsdiff-corrections-extension",
  "version": "0.0.5",
  "lockfileVersion": 1,
  "requires": true,
  "dependencies": {
    "lodash-cli": {
      "version": "4.17.5",
      "resolved": "https://registry.npmjs.org/lodash-cli/-/lodash-cli-4.17.5.tgz",
      "integrity": "sha512-eeQi+oVS76ofP791g4wEGs4B4nyc4fiHboUCc0BzM8qCkLAzqbroewOt98A8ISoY1HH2di00pENNErXf0MWxiw==",
      "dev": true,
      "requires": {
        "closure-compiler": "0.2.12",
        "glob": "7.1.1",
        "lodash": "4.17.5",
        "semver": "5.3.0",
        "uglify-js": "2.7.5"
      },
      "dependencies": {
        "closure-compiler": {
          "version": "0.2.12",
          "resolved": "https://registry.npmjs.org/closure-compiler/-/closure-compiler-0.2.12.tgz",
          "integrity": "sha512-klAdC8OezbJJnIEG7uZzedO1KJHcyZC/oyD5W45ewX/SQWitCAdNDIbUIV9FnUkKk+DhlgqlftBF3fkyCbi6Sw==",
          "dev": true,
          "requires": {
            "google-closure-compiler": "20150901.x"
          },
          "dependencies": {
            "google-closure-compiler": {
              "version": "20150901.0.0",
              "resolved": "https://registry.npmjs.org/google-closure-compiler/-/google-closure-compiler-20150901.0.0.tgz",
              "integrity": "sha512-fc1CvCUvNf07P+LXA5RpO9/fIBlkZ+EAFssNphjX2RE7gHzX7h34QSYBNtdxZiT4XQmekTaxCq2TmIbNE5kGig==",
              "dev": true
            }
          }
        },
        "glob": {
          "version": "7.1.1",
          "resolved": "https://registry.npmjs.org/glob/-/glob-7.1.1.tgz",
          "integrity": "sha512-mRyN/EsN2SyNhKWykF3eEGhDpeNplMWaW18Bmh76tnOqk5TbELAVwFAYOCmKVssOYFrYvvLMguiA+NXO3ZTuVA==",
          "dev": true,
          "requires": {
            "fs.realpath": "^1.0.0",
            "inflight": "^1.0.4",
            "inherits": "2",
            "minimatch": "^3.0.2",
            "once": "^1.3.0",
            "path-is-absolute": "^1.0.0"
          },
          "dependencies": {
            "fs.realpath": {
              "version": "1.0.0",
              "resolved": "https://registry.npmjs.org/fs.realpath/-/fs.realpath-1.0.0.tgz",
              "integrity": "sha512-OO0pH2lK6a0hZnAdau5ItzHPI6pUlvI7jMVnxUQRtw4owF2wk8lOSabtGDCTP4Ggrg2MbGnWO9X8K1t4+fGMDw==",
              "dev": true
            },
            "inflight": {
              "version": "1.0.6",
              "resolved": "https://registry.npmjs.org/inflight/-/inflight-1.0.6.tgz",
              "integrity": "sha512-k92I/b08q4wvFscXCLvqfsHCrjrF7yiXsQuIVvVE7N82W3+aqpzuUdBbfhWcy/FZR3/4IgflMgKLOsvPDrGCJA==",
              "dev": true,
              "requires": {
                "once": "^1.3.0",
                "wrappy": "1"
              },
              "dependencies": {
                "wrappy": {
                  "version": "1.0.2",
                  "resolved": "https://registry.npmjs.org/wrappy/-/wrappy-1.0.2.tgz",
                  "integrity": "sha512-l4Sp/DRseor9wL6EvV2+TuQn63dMkPjZ/sp9XkghTEbV9KlPS1xUsZ3u7/IQO4wxtcFB4bgpQPRcR3QCvezPcQ==",
                  "dev": true
                }
              }
            },
            "inherits": {
              "version": "2.0.3",
              "resolved": "https://registry.npmjs.org/inherits/-/inherits-2.0.3.tgz",
              "integrity": "sha512-x00IRNXNy63jwGkJmzPigoySHbaqpNuzKbBOmzK+g2OdZpQ9w+sxCN+VSB3ja7IAge2OP2qpfxTjeNcyjmW1uw==",
              "dev": true
            },
            "minimatch": {
              "version": "3.0.3",
              "resolved": "https://registry.npmjs.org/minimatch/-/minimatch-3.0.3.tgz",
              "integrity": "sha512-NyXjqu1IwcqH6nv5vmMtaG3iw7kdV3g6MwlUBZkc3Vn5b5AMIWYKfptvzipoyFfhlfOgBQ9zoTxQMravF1QTnw==",
              "dev": true,
              "requires": {
                "brace-expansion": "^1.0.0"
              },
              "dependencies": {
                "brace-expansion": {
                  "version": "1.1.6",
                  "resolved": "https://registry.npmjs.org/brace-expansion/-/brace-expansion-1.1.6.tgz",
                  "integrity": "sha512-do+EUHPJZmz1wYWxOspwBMwgEqs0T5xSClPfYRwug3giEKZoiuMN9Ans1hjT8yZZ1Dkx1oaU4yRe540HKKHA0A==",
                  "dev": true,
                  "requires": {
                    "balanced-match": "^0.4.1",
                    "concat-map": "0.0.1"
                  },
                  "dependencies": {
                    "balanced-match": {
                      "version": "0.4.2",
                      "resolved": "https://registry.npmjs.org/balanced-match/-/balanced-match-0.4.2.tgz",
                      "integrity": "sha512-STw03mQKnGUYtoNjmowo4F2cRmIIxYEGiMsjjwla/u5P1lxadj/05WkNaFjNiKTgJkj8KiXbgAiRTmcQRwQNtg==",
                      "dev": true
                    },
                    "concat-map": {
                      "version": "0.0.1",
                      "resolved": "https://registry.npmjs.org/concat-map/-/concat-map-0.0.1.tgz",
                      "integrity": "sha512-/Srv4dswyQNBfohGpz9o6Yb3Gz3SrUDqBH5rTuhGR7ahtlbYKnVxw2bCFMRljaA7EXHaXZ8wsHdodFvbkhKmqg==",
                      "dev": true
                    }
                  }
                }
              }
            },
            "once": {
              "version": "1.4.0",
              "resolved": "https://registry.npmjs.org/once/-/once-1.4.0.tgz",
              "integrity": "sha512-lNaJgI+2Q5URQBkccEKHTQOPaXdUxnZZElQTZY0MFUAuaEqe1E+Nyvgdz/aIyNi6Z9MzO5dv1H8n58/GELp3+w==",
              "dev": true,
              "requires": {
                "wrappy": "1"
              },
              "dependencies": {
                "wrappy": {
                  "version": "1.0.2",
                  "resolved": "https://registry.npmjs.org/wrappy/-/wrappy-1.0.2.tgz",
                  "integrity": "sha512-l4Sp/DRseor9wL6EvV2+TuQn63dMkPjZ/sp9XkghTEbV9KlPS1xUsZ3u7/IQO4wxtcFB4bgpQPRcR3QCvezPcQ==",
                  "dev": true
                }
              }
            },
            "path-is-absolute": {
              "version": "1.0.1",
              "resolved": "https://registry.npmjs.org/path-is-absolute/-/path-is-absolute-1.0.1.tgz",
              "integrity": "sha512-AVbw3UJ2e9bq64vSaS9Am0fje1Pa8pbGqTTsmXfaIiMpnr5DlDhfJOuLj9Sf95ZPVDAUerDfEk88MPmPe7UCQg==",
              "dev": true
            }
          }
        },
        "lodash": {
          "version": "4.17.5",
          "resolved": "https://registry.npmjs.org/lodash/-/lodash-4.17.5.tgz",
          "integrity": "sha512-svL3uiZf1RwhH+cWrfZn3A4+U58wbP0tGVTLQPbjplZxZ8ROD9VLuNgsRniTlLe7OlSqR79RUehXgpBW/s0IQw==",
          "dev": true
        },
        "semver": {
          "version": "5.3.0",
          "resolved": "https://registry.npmjs.org/semver/-/semver-5.3.0.tgz",
          "integrity": "sha512-mfmm3/H9+67MCVix1h+IXTpDwL6710LyHuk7+cWC9T1mE0qz4iHhh6r4hU2wrIT9iTsAAC2XQRvfblL028cpLw==",
          "dev": true
        },
        "uglify-js": {
          "version": "2.7.5",
          "resolved": "https://registry.npmjs.org/uglify-js/-/uglify-js-2.7.5.tgz",
          "integrity": "sha512-RvbIYn4DIadCg1MV7YP7OrpxnVrtEieZzbK0KSQvwWGAHojqWJxInkQhmtYGRo9PTwwkJkljIgzMyA1VitEc4Q==",
          "dev": true,
          "requires": {
            "async": "~0.2.6",
            "source-map": "~0.5.1",
            "uglify-to-browserify": "~1.0.0",
            "yargs": "~3.10.0"
          },
          "dependencies": {
            "async": {
              "version": "0.2.10",
              "resolved": "https://registry.npmjs.org/async/-/async-0.2.10.tgz",
              "integrity": "sha512-eAkdoKxU6/LkKDBzLpT+t6Ff5EtfSF4wx1WfJiPEEV7WNLnDaRXk0oVysiEPm262roaachGexwUv94WhSgN5TQ==",
              "dev": true
            },
            "source-map": {
              "version": "0.5.6",
              "resolved": "https://registry.npmjs.org/source-map/-/source-map-0.5.6.tgz",
              "integrity": "sha512-MjZkVp0NHr5+TPihLcadqnlVoGIoWo4IBHptutGh9wI3ttUYvCG26HkSuDi+K6lsZ25syXJXcctwgyVCt//xqA==",
              "dev": true
            },
            "uglify-to-browserify": {
              "version": "1.0.2",
              "resolved": "https://registry.npmjs.org/uglify-to-browserify/-/uglify-to-browserify-1.0.2.tgz",
              "integrity": "sha512-vb2s1lYx2xBtUgy+ta+b2J/GLVUR+wmpINwHePmPRhOsIVCG2wDzKJ0n14GslH1BifsqVzSOwQhRaCAsZ/nI4Q==",
              "dev": true
            },
            "yargs": {
              "version": "3.10.0",
              "resolved": "https://registry.npmjs.org/yargs/-/yargs-3.10.0.tgz",
              "integrity": "sha512-QFzUah88GAGy9lyDKGBqZdkYApt63rCXYBGYnEP4xDJPXNqXXnBDACnbrXnViV6jRSqAePwrATi2i8mfYm4L1A==",
              "dev": true,
              "requires": {
                "camelcase": "^1.0.2",
                "cliui": "^2.1.0",
                "decamelize": "^1.0.0",
                "window-size": "0.1.0"
              },
              "dependencies": {
                "camelcase": {
                  "version": "1.2.1",
                  "resolved": "https://registry.npmjs.org/camelcase/-/camelcase-1.2.1.tgz",
                  "integrity": "sha512-wzLkDa4K/mzI1OSITC+DUyjgIl/ETNHE9QvYgy6J6Jvqyyz4C0Xfd+lQhb19sX2jMpZV4IssUn0VDVmglV+s4g==",
                  "dev": true
                },
                "cliui": {
                  "version": "2.1.0",
                  "resolved": "https://registry.npmjs.org/cliui/-/cliui-2.1.0.tgz",
                  "integrity": "sha512-GIOYRizG+TGoc7Wgc1LiOTLare95R3mzKgoln+Q/lE4ceiYH19gUpl0l0Ffq4lJDEf3FxujMe6IBfOCs7pfqNA==",
                  "dev": true,
                  "requires": {
                    "center-align": "^0.1.1",
                    "right-align": "^0.1.1",
                    "wordwrap": "0.0.2"
                  },
                  "dependencies": {
                    "center-align": {
                      "version": "0.1.3",
                      "resolved": "https://registry.npmjs.org/center-align/-/center-align-0.1.3.tgz",
                      "integrity": "sha512-Baz3aNe2gd2LP2qk5U+sDk/m4oSuwSDcBfayTCTBoWpfIGO5XFxPmjILQII4NGiZjD6DoDI6kf7gKaxkf7s3VQ==",
                      "dev": true,
                      "requires": {
                        "align-text": "^0.1.3",
                        "lazy-cache": "^1.0.3"
                      },
                      "dependencies": {
                        "align-text": {
                          "version": "0.1.4",
                          "resolved": "https://registry.npmjs.org/align-text/-/align-text-0.1.4.tgz",
                          "integrity": "sha512-GrTZLRpmp6wIC2ztrWW9MjjTgSKccffgFagbNDOX95/dcjEcYZibYTeaOntySQLcdw1ztBoFkviiUvTMbb9MYg==",
                          "dev": true,
                          "requires": {
                            "kind-of": "^3.0.2",
                            "longest": "^1.0.1",
                            "repeat-string": "^1.5.2"
                          },
                          "dependencies": {
                            "kind-of": {
                              "version": "3.1.0",
                              "resolved": "https://registry.npmjs.org/kind-of/-/kind-of-3.1.0.tgz",
                              "integrity": "sha512-vPLNVMr7QjxWc6U+pX6I5l9YG3y8cJTrlth+wvi89XhKIBbr7m8V8Q6RoNHA1wwYnO1CnpRSNJN98v4OopGjwg==",
                              "dev": true,
                              "requires": {
                                "is-buffer": "^1.0.2"
                              },
                              "dependencies": {
                                "is-buffer": {
                                  "version": "1.1.4",
                                  "resolved": "https://registry.npmjs.org/is-buffer/-/is-buffer-1.1.4.tgz",
                                  "integrity": "sha512-LdKAPZcV+EfT6PvN90Un/Rnn1g8cL1BfzEBdz6d3Y6CUzMyUVWHewXxyuiNFkLwRKgpDMYHrocdqjMsYTDkOow==",
                                  "dev": true
                                }
                              }
                            },
                            "longest": {
                              "version": "1.0.1",
                              "resolved": "https://registry.npmjs.org/longest/-/longest-1.0.1.tgz",
                              "integrity": "sha512-k+yt5n3l48JU4k8ftnKG6V7u32wyH2NfKzeMto9F/QRE0amxy/LayxwlvjjkZEIzqR+19IrtFO8p5kB9QaYUFg==",
                              "dev": true
                            },
                            "repeat-string": {
                              "version": "1.6.1",
                              "resolved": "https://registry.npmjs.org/repeat-string/-/repeat-string-1.6.1.tgz",
                              "integrity": "sha512-PV0dzCYDNfRi1jCDbJzpW7jNNDRuCOG/jI5ctQcGKt/clZD+YcPS3yIlWuTJMmESC8aevCFmWJy5wjAFgNqN6w==",
                              "dev": true
                            }
                          }
                        },
                        "lazy-cache": {
                          "version": "1.0.4",
                          "resolved": "https://registry.npmjs.org/lazy-cache/-/lazy-cache-1.0.4.tgz",
                          "integrity": "sha512-RE2g0b5VGZsOCFOCgP7omTRYFqydmZkBwl5oNnQ1lDYC57uyO9KqNnNVxT7COSHTxrRCWVcAVOcbjk+tvh/rgQ==",
                          "dev": true
                        }
                      }
                    },
                    "right-align": {
                      "version": "0.1.3",
                      "resolved": "https://registry.npmjs.org/right-align/-/right-align-0.1.3.tgz",
                      "integrity": "sha512-yqINtL/G7vs2v+dFIZmFUDbnVyFUJFKd6gK22Kgo6R4jfJGFtisKyncWDDULgjfqf4ASQuIQyjJ7XZ+3aWpsAg==",
                      "dev": true,
                      "requires": {
                        "align-text": "^0.1.1"
                      },
                      "dependencies": {
                        "align-text": {
                          "version": "0.1.4",
                          "resolved": "https://registry.npmjs.org/align-text/-/align-text-0.1.4.tgz",
                          "integrity": "sha512-GrTZLRpmp6wIC2ztrWW9MjjTgSKccffgFagbNDOX95/dcjEcYZibYTeaOntySQLcdw1ztBoFkviiUvTMbb9MYg==",
                          "dev": true,
                          "requires": {
                            "kind-of": "^3.0.2",
                            "longest": "^1.0.1",
                            "repeat-string": "^1.5.2"
                          },
                          "dependencies": {
                            "kind-of": {
                              "version": "3.1.0",
                              "resolved": "https://registry.npmjs.org/kind-of/-/kind-of-3.1.0.tgz",
                              "integrity": "sha512-vPLNVMr7QjxWc6U+pX6I5l9YG3y8cJTrlth+wvi89XhKIBbr7m8V8Q6RoNHA1wwYnO1CnpRSNJN98v4OopGjwg==",
                              "dev": true,
                              "requires": {
                                "is-buffer": "^1.0.2"
                              },
                              "dependencies": {
                                "is-buffer": {
                                  "version": "1.1.4",
                                  "resolved": "https://registry.npmjs.org/is-buffer/-/is-buffer-1.1.4.tgz",
                                  "integrity": "sha512-LdKAPZcV+EfT6PvN90Un/Rnn1g8cL1BfzEBdz6d3Y6CUzMyUVWHewXxyuiNFkLwRKgpDMYHrocdqjMsYTDkOow==",
                                  "dev": true
                                }
                              }
                            },
                            "longest": {
                              "version": "1.0.1",
                              "resolved": "https://registry.npmjs.org/longest/-/longest-1.0.1.tgz",
                              "integrity": "sha512-k+yt5n3l48JU4k8ftnKG6V7u32wyH2NfKzeMto9F/QRE0amxy/LayxwlvjjkZEIzqR+19IrtFO8p5kB9QaYUFg==",
                              "dev": true
                            },
                            "repeat-string": {
                              "version": "1.6.1",
                              "resolved": "https://registry.npmjs.org/repeat-string/-/repeat-string-1.6.1.tgz",
                              "integrity": "sha512-PV0dzCYDNfRi1jCDbJzpW7jNNDRuCOG/jI5ctQcGKt/clZD+YcPS3yIlWuTJMmESC8aevCFmWJy5wjAFgNqN6w==",
                              "dev": true
                            }
                          }
                        }
                      }
                    },
                    "wordwrap": {
                      "version": "0.0.2",
                      "resolved": "https://registry.npmjs.org/wordwrap/-/wordwrap-0.0.2.tgz",
                      "integrity": "sha512-xSBsCeh+g+dinoBv3GAOWM4LcVVO68wLXRanibtBSdUvkGWQRGeE9P7IwU9EmDDi4jA6L44lz15CGMwdw9N5+Q==",
                      "dev": true
                    }
                  }
                },
                "decamelize": {
                  "version": "1.2.0",
                  "resolved": "https://registry.npmjs.org/decamelize/-/decamelize-1.2.0.tgz",
                  "integrity": "sha512-z2S+W9X73hAUUki+N+9Za2lBlun89zigOyGrsax+KUQ6wKW4ZoWpEYBkGhQjwAjjDCkWxhY0VKEhk8wzY7F5cA==",
                  "dev": true
                },
                "window-size": {
                  "version": "0.1.0",
                  "resolved": "https://registry.npmjs.org/window-size/-/window-size-0.1.0.tgz",
                  "integrity": "sha512-1pTPQDKTdd61ozlKGNCjhNRd+KPmgLSGa3mZTHoOliaGcESD8G1PXhh7c1fgiPjVbNVfgy2Faw4BI8/m0cC8Mg==",
                  "dev": true
                }
              }
            }
          }
        }
      }
    }
  }
}
